// !$*UTF8*$!
{
	archiveVersion = 1;
	classes = {
	};
	objectVersion = 50;
	objects = {

/* Begin PBXBuildFile section */
		531BD68420F6776700A9A6C8 /* GarnishesHeaderView.xib in Resources */ = {isa = PBXBuildFile; fileRef = 531BD68320F6776700A9A6C8 /* GarnishesHeaderView.xib */; };
		531BD68620F6778F00A9A6C8 /* GarnishesHeaderView.swift in Sources */ = {isa = PBXBuildFile; fileRef = 531BD68520F6778F00A9A6C8 /* GarnishesHeaderView.swift */; };
		531BD68A20F6BFBF00A9A6C8 /* MeatViewControllerAnimatedTransitioning.swift in Sources */ = {isa = PBXBuildFile; fileRef = 531BD68920F6BFBF00A9A6C8 /* MeatViewControllerAnimatedTransitioning.swift */; };
		537333A820F4E6AD002B9F0F /* ViewProtocols.swift in Sources */ = {isa = PBXBuildFile; fileRef = 537333A720F4E6AD002B9F0F /* ViewProtocols.swift */; };
		537333AB20F4EB0E002B9F0F /* UITableViewCellExtension.swift in Sources */ = {isa = PBXBuildFile; fileRef = 537333AA20F4EB0E002B9F0F /* UITableViewCellExtension.swift */; };
		537333AD20F4EB60002B9F0F /* UITableViewExtension.swift in Sources */ = {isa = PBXBuildFile; fileRef = 537333AC20F4EB60002B9F0F /* UITableViewExtension.swift */; };
		537333B220F4F8EF002B9F0F /* GarnishViewController.swift in Sources */ = {isa = PBXBuildFile; fileRef = 537333B020F4F8EF002B9F0F /* GarnishViewController.swift */; };
		537333B320F4F8EF002B9F0F /* GarnishViewController.xib in Resources */ = {isa = PBXBuildFile; fileRef = 537333B120F4F8EF002B9F0F /* GarnishViewController.xib */; };
		537333B720F4FC5E002B9F0F /* GarnishTableViewCell.swift in Sources */ = {isa = PBXBuildFile; fileRef = 537333B520F4FC5E002B9F0F /* GarnishTableViewCell.swift */; };
		537333B820F4FC5E002B9F0F /* GarnishTableViewCell.xib in Resources */ = {isa = PBXBuildFile; fileRef = 537333B620F4FC5E002B9F0F /* GarnishTableViewCell.xib */; };
		539FB73520F5417E00A76CF8 /* FoodOrder.swift in Sources */ = {isa = PBXBuildFile; fileRef = DAFF16C420F522B200FBAAB5 /* FoodOrder.swift */; };
		539FB73820F54C6800A76CF8 /* OrderSummaryView.swift in Sources */ = {isa = PBXBuildFile; fileRef = 539FB73720F54C6800A76CF8 /* OrderSummaryView.swift */; };
		539FB73A20F54C7900A76CF8 /* OrderSummaryView.xib in Resources */ = {isa = PBXBuildFile; fileRef = 539FB73920F54C7900A76CF8 /* OrderSummaryView.xib */; };
		53B5361720F3D2940073AAD0 /* MeatViewController.swift in Sources */ = {isa = PBXBuildFile; fileRef = 53B5361520F3D2940073AAD0 /* MeatViewController.swift */; };
		53B5361A20F3D3240073AAD0 /* BaseViewController.swift in Sources */ = {isa = PBXBuildFile; fileRef = 53B5361920F3D3240073AAD0 /* BaseViewController.swift */; };
		53B5361F20F3E1E00073AAD0 /* MeatTableViewCell.swift in Sources */ = {isa = PBXBuildFile; fileRef = 53B5361D20F3E1E00073AAD0 /* MeatTableViewCell.swift */; };
		53B5362020F3E1E00073AAD0 /* MeatTableViewCell.xib in Resources */ = {isa = PBXBuildFile; fileRef = 53B5361E20F3E1E00073AAD0 /* MeatTableViewCell.xib */; };
		53B5362220F3EF5D0073AAD0 /* FastCaicoHeaderView.xib in Resources */ = {isa = PBXBuildFile; fileRef = 53B5362120F3EF5D0073AAD0 /* FastCaicoHeaderView.xib */; };
		53B5362420F3EF6E0073AAD0 /* FastCaicoHeaderView.swift in Sources */ = {isa = PBXBuildFile; fileRef = 53B5362320F3EF6E0073AAD0 /* FastCaicoHeaderView.swift */; };
		53B5362620F3F25F0073AAD0 /* FastCaicoNavigationController.swift in Sources */ = {isa = PBXBuildFile; fileRef = 53B5362520F3F25F0073AAD0 /* FastCaicoNavigationController.swift */; };
		79796A75EEB70EE4EE99A36F /* Pods_FastCaicoUITests.framework in Frameworks */ = {isa = PBXBuildFile; fileRef = 3EDC95CD47C0D182BFA5ACAC /* Pods_FastCaicoUITests.framework */; };
		D03B9AF3ABBCA9DC78848B8F /* Pods_FastCaico.framework in Frameworks */ = {isa = PBXBuildFile; fileRef = AF4742B65E26EA7673AAF880 /* Pods_FastCaico.framework */; };
		DA78DE4B20EE8FE6005CC2A0 /* AppDelegate.swift in Sources */ = {isa = PBXBuildFile; fileRef = DA78DE4A20EE8FE6005CC2A0 /* AppDelegate.swift */; };
		DA78DE5320EE8FE6005CC2A0 /* FastCaico.xcdatamodeld in Sources */ = {isa = PBXBuildFile; fileRef = DA78DE5120EE8FE6005CC2A0 /* FastCaico.xcdatamodeld */; };
		DA78DE5520EE8FE8005CC2A0 /* Assets.xcassets in Resources */ = {isa = PBXBuildFile; fileRef = DA78DE5420EE8FE8005CC2A0 /* Assets.xcassets */; };
		DA78DE5820EE8FE8005CC2A0 /* LaunchScreen.storyboard in Resources */ = {isa = PBXBuildFile; fileRef = DA78DE5620EE8FE8005CC2A0 /* LaunchScreen.storyboard */; };
		DA78DE6320EE8FE8005CC2A0 /* FastCaicoTests.swift in Sources */ = {isa = PBXBuildFile; fileRef = DA78DE6220EE8FE8005CC2A0 /* FastCaicoTests.swift */; };
		DA78DE6E20EE8FE8005CC2A0 /* FastCaicoUITests.swift in Sources */ = {isa = PBXBuildFile; fileRef = DA78DE6D20EE8FE8005CC2A0 /* FastCaicoUITests.swift */; };
		DA78DE7F20EE98BC005CC2A0 /* Garnish.swift in Sources */ = {isa = PBXBuildFile; fileRef = DA78DE7E20EE98BC005CC2A0 /* Garnish.swift */; };
		DA78DE8320F3EE16005CC2A0 /* Garnish.json in Resources */ = {isa = PBXBuildFile; fileRef = DA78DE8120F3EE16005CC2A0 /* Garnish.json */; };
		DA78DE8420F3EE16005CC2A0 /* MainDish.json in Resources */ = {isa = PBXBuildFile; fileRef = DA78DE8220F3EE16005CC2A0 /* MainDish.json */; };
		DA78DE8620F3EF38005CC2A0 /* ActiveRecord.swift in Sources */ = {isa = PBXBuildFile; fileRef = DA78DE8520F3EF38005CC2A0 /* ActiveRecord.swift */; };
		DA7AD3BD20F5409100FE241B /* MainDish.swift in Sources */ = {isa = PBXBuildFile; fileRef = DA78DE7C20EE98B1005CC2A0 /* MainDish.swift */; };
		DA7AD3C020F6394A00FE241B /* FoodCartTableViewCell.swift in Sources */ = {isa = PBXBuildFile; fileRef = DA7AD3BF20F6394A00FE241B /* FoodCartTableViewCell.swift */; };
		DA7AD3C220F6395900FE241B /* FoodCartTableViewCell.xib in Resources */ = {isa = PBXBuildFile; fileRef = DA7AD3C120F6395900FE241B /* FoodCartTableViewCell.xib */; };
		DA7AD3C420F63ED400FE241B /* FoodCartViewController.swift in Sources */ = {isa = PBXBuildFile; fileRef = DA7AD3C320F63ED400FE241B /* FoodCartViewController.swift */; };
		DA7AD3C620F6449D00FE241B /* FoodCart.swift in Sources */ = {isa = PBXBuildFile; fileRef = DA7AD3C520F6449D00FE241B /* FoodCart.swift */; };
		DA7AD3C820F69CED00FE241B /* UINavigationControllerExtension.swift in Sources */ = {isa = PBXBuildFile; fileRef = DA7AD3C720F69CED00FE241B /* UINavigationControllerExtension.swift */; };
		DA7AD3CB20F6BC5E00FE241B /* NotificationHandler.swift in Sources */ = {isa = PBXBuildFile; fileRef = DA7AD3CA20F6BC5E00FE241B /* NotificationHandler.swift */; };
		DA7E6B0A20F79091002BD535 /* FastCaicoIntents.intentdefinition in Sources */ = {isa = PBXBuildFile; fileRef = DA7E6B0920F79091002BD535 /* FastCaicoIntents.intentdefinition */; };
		DA7E6B1220F790B0002BD535 /* IntentHandler.swift in Sources */ = {isa = PBXBuildFile; fileRef = DA7E6B1120F790B0002BD535 /* IntentHandler.swift */; };
		DA7E6B1A20F790B0002BD535 /* IntentsUI.framework in Frameworks */ = {isa = PBXBuildFile; fileRef = DA7E6B1920F790B0002BD535 /* IntentsUI.framework */; };
		DA7E6B1D20F790B0002BD535 /* IntentViewController.swift in Sources */ = {isa = PBXBuildFile; fileRef = DA7E6B1C20F790B0002BD535 /* IntentViewController.swift */; };
		DA7E6B2020F790B0002BD535 /* MainInterface.storyboard in Resources */ = {isa = PBXBuildFile; fileRef = DA7E6B1E20F790B0002BD535 /* MainInterface.storyboard */; };
		DA7E6B2420F790B0002BD535 /* FastCaicoIntentExtensionUI.appex in Embed App Extensions */ = {isa = PBXBuildFile; fileRef = DA7E6B1820F790B0002BD535 /* FastCaicoIntentExtensionUI.appex */; settings = {ATTRIBUTES = (RemoveHeadersOnCopy, ); }; };
		DA7E6B2720F790B0002BD535 /* FastCaicoIntentExtension.appex in Embed App Extensions */ = {isa = PBXBuildFile; fileRef = DA7E6B0F20F790B0002BD535 /* FastCaicoIntentExtension.appex */; settings = {ATTRIBUTES = (RemoveHeadersOnCopy, ); }; };
		DA7E6B2F20F790BB002BD535 /* IntentHandler.swift in Sources */ = {isa = PBXBuildFile; fileRef = DA7E6B1120F790B0002BD535 /* IntentHandler.swift */; };
		DA7E6B3120F790BC002BD535 /* IntentHandler.swift in Sources */ = {isa = PBXBuildFile; fileRef = DA7E6B1120F790B0002BD535 /* IntentHandler.swift */; };
		DA7E6B3320F790CC002BD535 /* IntentViewController.swift in Sources */ = {isa = PBXBuildFile; fileRef = DA7E6B1C20F790B0002BD535 /* IntentViewController.swift */; };
		DA7E6B3420F790CD002BD535 /* IntentViewController.swift in Sources */ = {isa = PBXBuildFile; fileRef = DA7E6B1C20F790B0002BD535 /* IntentViewController.swift */; };
		DA7E6B3920F794F9002BD535 /* IntentsManager.swift in Sources */ = {isa = PBXBuildFile; fileRef = DA7E6B3820F794F9002BD535 /* IntentsManager.swift */; };
		DA7E6B3C20F7AAB3002BD535 /* FastCaicoIntents.intentdefinition in Sources */ = {isa = PBXBuildFile; fileRef = DA7E6B0920F79091002BD535 /* FastCaicoIntents.intentdefinition */; };
		DA7E6B3D20F7AAB4002BD535 /* FastCaicoIntents.intentdefinition in Sources */ = {isa = PBXBuildFile; fileRef = DA7E6B0920F79091002BD535 /* FastCaicoIntents.intentdefinition */; };
		DA7E6B4020F8D59A002BD535 /* OrderFoodIntentHandler.swift in Sources */ = {isa = PBXBuildFile; fileRef = DA7E6B3F20F8D59A002BD535 /* OrderFoodIntentHandler.swift */; };
		DA7E6B4220F8D755002BD535 /* SelectGarnishesIntentHandler.swift in Sources */ = {isa = PBXBuildFile; fileRef = DA7E6B4120F8D755002BD535 /* SelectGarnishesIntentHandler.swift */; };
		DA80F67620F8F45700B636C9 /* Assets.xcassets in Resources */ = {isa = PBXBuildFile; fileRef = DA78DE5420EE8FE8005CC2A0 /* Assets.xcassets */; };
		DAD07DAA20F534AC001C1ACF /* Inspectables.swift in Sources */ = {isa = PBXBuildFile; fileRef = DAD07DA920F534AC001C1ACF /* Inspectables.swift */; };
		DAE751423FCBEA8177A114A9 /* Pods_FastCaicoTests.framework in Frameworks */ = {isa = PBXBuildFile; fileRef = D395298B28A6E93A128E9817 /* Pods_FastCaicoTests.framework */; };
		DAFF16B520F4E99D00FBAAB5 /* OrderConfirmationViewController.swift in Sources */ = {isa = PBXBuildFile; fileRef = DAFF16B320F4E99D00FBAAB5 /* OrderConfirmationViewController.swift */; };
		DAFF16C320F5007B00FBAAB5 /* dishAnimation.json in Resources */ = {isa = PBXBuildFile; fileRef = DAFF16C220F5007B00FBAAB5 /* dishAnimation.json */; };
/* End PBXBuildFile section */

/* Begin PBXContainerItemProxy section */
		DA78DE5F20EE8FE8005CC2A0 /* PBXContainerItemProxy */ = {
			isa = PBXContainerItemProxy;
			containerPortal = DA78DE3F20EE8FE6005CC2A0 /* Project object */;
			proxyType = 1;
			remoteGlobalIDString = DA78DE4620EE8FE6005CC2A0;
			remoteInfo = FastCaico;
		};
		DA78DE6A20EE8FE8005CC2A0 /* PBXContainerItemProxy */ = {
			isa = PBXContainerItemProxy;
			containerPortal = DA78DE3F20EE8FE6005CC2A0 /* Project object */;
			proxyType = 1;
			remoteGlobalIDString = DA78DE4620EE8FE6005CC2A0;
			remoteInfo = FastCaico;
		};
		DA7E6B2220F790B0002BD535 /* PBXContainerItemProxy */ = {
			isa = PBXContainerItemProxy;
			containerPortal = DA78DE3F20EE8FE6005CC2A0 /* Project object */;
			proxyType = 1;
			remoteGlobalIDString = DA7E6B1720F790B0002BD535;
			remoteInfo = FastCaicoIntentExtensionUI;
		};
		DA7E6B2520F790B0002BD535 /* PBXContainerItemProxy */ = {
			isa = PBXContainerItemProxy;
			containerPortal = DA78DE3F20EE8FE6005CC2A0 /* Project object */;
			proxyType = 1;
			remoteGlobalIDString = DA7E6B0E20F790B0002BD535;
			remoteInfo = FastCaicoIntentExtension;
		};
/* End PBXContainerItemProxy section */

/* Begin PBXCopyFilesBuildPhase section */
		DA7E6B2E20F790B0002BD535 /* Embed App Extensions */ = {
			isa = PBXCopyFilesBuildPhase;
			buildActionMask = 2147483647;
			dstPath = "";
			dstSubfolderSpec = 13;
			files = (
				DA7E6B2720F790B0002BD535 /* FastCaicoIntentExtension.appex in Embed App Extensions */,
				DA7E6B2420F790B0002BD535 /* FastCaicoIntentExtensionUI.appex in Embed App Extensions */,
			);
			name = "Embed App Extensions";
			runOnlyForDeploymentPostprocessing = 0;
		};
/* End PBXCopyFilesBuildPhase section */

/* Begin PBXFileReference section */
		09042F958F23251438F5E3DD /* Pods-FastCaicoUITests.release.xcconfig */ = {isa = PBXFileReference; includeInIndex = 1; lastKnownFileType = text.xcconfig; name = "Pods-FastCaicoUITests.release.xcconfig"; path = "Pods/Target Support Files/Pods-FastCaicoUITests/Pods-FastCaicoUITests.release.xcconfig"; sourceTree = "<group>"; };
		3EDC95CD47C0D182BFA5ACAC /* Pods_FastCaicoUITests.framework */ = {isa = PBXFileReference; explicitFileType = wrapper.framework; includeInIndex = 0; path = Pods_FastCaicoUITests.framework; sourceTree = BUILT_PRODUCTS_DIR; };
		4BDF39397E99397FB5BAEFFA /* Pods-FastCaicoUITests.debug.xcconfig */ = {isa = PBXFileReference; includeInIndex = 1; lastKnownFileType = text.xcconfig; name = "Pods-FastCaicoUITests.debug.xcconfig"; path = "Pods/Target Support Files/Pods-FastCaicoUITests/Pods-FastCaicoUITests.debug.xcconfig"; sourceTree = "<group>"; };
		4BE6E3FBD61A40A1B017B5DF /* Pods-FastCaico.debug.xcconfig */ = {isa = PBXFileReference; includeInIndex = 1; lastKnownFileType = text.xcconfig; name = "Pods-FastCaico.debug.xcconfig"; path = "Pods/Target Support Files/Pods-FastCaico/Pods-FastCaico.debug.xcconfig"; sourceTree = "<group>"; };
		531BD68320F6776700A9A6C8 /* GarnishesHeaderView.xib */ = {isa = PBXFileReference; lastKnownFileType = file.xib; path = GarnishesHeaderView.xib; sourceTree = "<group>"; };
		531BD68520F6778F00A9A6C8 /* GarnishesHeaderView.swift */ = {isa = PBXFileReference; lastKnownFileType = sourcecode.swift; path = GarnishesHeaderView.swift; sourceTree = "<group>"; };
		531BD68920F6BFBF00A9A6C8 /* MeatViewControllerAnimatedTransitioning.swift */ = {isa = PBXFileReference; lastKnownFileType = sourcecode.swift; path = MeatViewControllerAnimatedTransitioning.swift; sourceTree = "<group>"; };
		537333A720F4E6AD002B9F0F /* ViewProtocols.swift */ = {isa = PBXFileReference; lastKnownFileType = sourcecode.swift; path = ViewProtocols.swift; sourceTree = "<group>"; };
		537333AA20F4EB0E002B9F0F /* UITableViewCellExtension.swift */ = {isa = PBXFileReference; lastKnownFileType = sourcecode.swift; path = UITableViewCellExtension.swift; sourceTree = "<group>"; };
		537333AC20F4EB60002B9F0F /* UITableViewExtension.swift */ = {isa = PBXFileReference; lastKnownFileType = sourcecode.swift; path = UITableViewExtension.swift; sourceTree = "<group>"; };
		537333B020F4F8EF002B9F0F /* GarnishViewController.swift */ = {isa = PBXFileReference; lastKnownFileType = sourcecode.swift; path = GarnishViewController.swift; sourceTree = "<group>"; };
		537333B120F4F8EF002B9F0F /* GarnishViewController.xib */ = {isa = PBXFileReference; lastKnownFileType = file.xib; path = GarnishViewController.xib; sourceTree = "<group>"; };
		537333B520F4FC5E002B9F0F /* GarnishTableViewCell.swift */ = {isa = PBXFileReference; lastKnownFileType = sourcecode.swift; path = GarnishTableViewCell.swift; sourceTree = "<group>"; };
		537333B620F4FC5E002B9F0F /* GarnishTableViewCell.xib */ = {isa = PBXFileReference; lastKnownFileType = file.xib; path = GarnishTableViewCell.xib; sourceTree = "<group>"; };
		539FB73720F54C6800A76CF8 /* OrderSummaryView.swift */ = {isa = PBXFileReference; lastKnownFileType = sourcecode.swift; path = OrderSummaryView.swift; sourceTree = "<group>"; };
		539FB73920F54C7900A76CF8 /* OrderSummaryView.xib */ = {isa = PBXFileReference; lastKnownFileType = file.xib; path = OrderSummaryView.xib; sourceTree = "<group>"; };
		53B5361520F3D2940073AAD0 /* MeatViewController.swift */ = {isa = PBXFileReference; lastKnownFileType = sourcecode.swift; path = MeatViewController.swift; sourceTree = "<group>"; };
		53B5361920F3D3240073AAD0 /* BaseViewController.swift */ = {isa = PBXFileReference; lastKnownFileType = sourcecode.swift; path = BaseViewController.swift; sourceTree = "<group>"; };
		53B5361D20F3E1E00073AAD0 /* MeatTableViewCell.swift */ = {isa = PBXFileReference; lastKnownFileType = sourcecode.swift; path = MeatTableViewCell.swift; sourceTree = "<group>"; };
		53B5361E20F3E1E00073AAD0 /* MeatTableViewCell.xib */ = {isa = PBXFileReference; lastKnownFileType = file.xib; path = MeatTableViewCell.xib; sourceTree = "<group>"; };
		53B5362120F3EF5D0073AAD0 /* FastCaicoHeaderView.xib */ = {isa = PBXFileReference; lastKnownFileType = file.xib; path = FastCaicoHeaderView.xib; sourceTree = "<group>"; };
		53B5362320F3EF6E0073AAD0 /* FastCaicoHeaderView.swift */ = {isa = PBXFileReference; lastKnownFileType = sourcecode.swift; path = FastCaicoHeaderView.swift; sourceTree = "<group>"; };
		53B5362520F3F25F0073AAD0 /* FastCaicoNavigationController.swift */ = {isa = PBXFileReference; lastKnownFileType = sourcecode.swift; path = FastCaicoNavigationController.swift; sourceTree = "<group>"; };
		53F1453220F7F572000DCF43 /* FastCaico.entitlements */ = {isa = PBXFileReference; lastKnownFileType = text.plist.entitlements; path = FastCaico.entitlements; sourceTree = "<group>"; };
		721AA6F2DDFE679D1BA5DB9C /* Pods-FastCaicoTests.release.xcconfig */ = {isa = PBXFileReference; includeInIndex = 1; lastKnownFileType = text.xcconfig; name = "Pods-FastCaicoTests.release.xcconfig"; path = "Pods/Target Support Files/Pods-FastCaicoTests/Pods-FastCaicoTests.release.xcconfig"; sourceTree = "<group>"; };
		9894E94EE84746056A7AF725 /* Pods-FastCaico.release.xcconfig */ = {isa = PBXFileReference; includeInIndex = 1; lastKnownFileType = text.xcconfig; name = "Pods-FastCaico.release.xcconfig"; path = "Pods/Target Support Files/Pods-FastCaico/Pods-FastCaico.release.xcconfig"; sourceTree = "<group>"; };
		AF4742B65E26EA7673AAF880 /* Pods_FastCaico.framework */ = {isa = PBXFileReference; explicitFileType = wrapper.framework; includeInIndex = 0; path = Pods_FastCaico.framework; sourceTree = BUILT_PRODUCTS_DIR; };
		B7A59CD262BF5996F7E18F3D /* Pods-FastCaicoTests.debug.xcconfig */ = {isa = PBXFileReference; includeInIndex = 1; lastKnownFileType = text.xcconfig; name = "Pods-FastCaicoTests.debug.xcconfig"; path = "Pods/Target Support Files/Pods-FastCaicoTests/Pods-FastCaicoTests.debug.xcconfig"; sourceTree = "<group>"; };
		D395298B28A6E93A128E9817 /* Pods_FastCaicoTests.framework */ = {isa = PBXFileReference; explicitFileType = wrapper.framework; includeInIndex = 0; path = Pods_FastCaicoTests.framework; sourceTree = BUILT_PRODUCTS_DIR; };
		DA78DE4720EE8FE6005CC2A0 /* FastCaico.app */ = {isa = PBXFileReference; explicitFileType = wrapper.application; includeInIndex = 0; path = FastCaico.app; sourceTree = BUILT_PRODUCTS_DIR; };
		DA78DE4A20EE8FE6005CC2A0 /* AppDelegate.swift */ = {isa = PBXFileReference; lastKnownFileType = sourcecode.swift; path = AppDelegate.swift; sourceTree = "<group>"; };
		DA78DE5220EE8FE6005CC2A0 /* FastCaico.xcdatamodel */ = {isa = PBXFileReference; lastKnownFileType = wrapper.xcdatamodel; path = FastCaico.xcdatamodel; sourceTree = "<group>"; };
		DA78DE5420EE8FE8005CC2A0 /* Assets.xcassets */ = {isa = PBXFileReference; lastKnownFileType = folder.assetcatalog; path = Assets.xcassets; sourceTree = "<group>"; };
		DA78DE5720EE8FE8005CC2A0 /* Base */ = {isa = PBXFileReference; lastKnownFileType = file.storyboard; name = Base; path = Base.lproj/LaunchScreen.storyboard; sourceTree = "<group>"; };
		DA78DE5920EE8FE8005CC2A0 /* Info.plist */ = {isa = PBXFileReference; lastKnownFileType = text.plist.xml; path = Info.plist; sourceTree = "<group>"; };
		DA78DE5E20EE8FE8005CC2A0 /* FastCaicoTests.xctest */ = {isa = PBXFileReference; explicitFileType = wrapper.cfbundle; includeInIndex = 0; path = FastCaicoTests.xctest; sourceTree = BUILT_PRODUCTS_DIR; };
		DA78DE6220EE8FE8005CC2A0 /* FastCaicoTests.swift */ = {isa = PBXFileReference; lastKnownFileType = sourcecode.swift; path = FastCaicoTests.swift; sourceTree = "<group>"; };
		DA78DE6420EE8FE8005CC2A0 /* Info.plist */ = {isa = PBXFileReference; lastKnownFileType = text.plist.xml; path = Info.plist; sourceTree = "<group>"; };
		DA78DE6920EE8FE8005CC2A0 /* FastCaicoUITests.xctest */ = {isa = PBXFileReference; explicitFileType = wrapper.cfbundle; includeInIndex = 0; path = FastCaicoUITests.xctest; sourceTree = BUILT_PRODUCTS_DIR; };
		DA78DE6D20EE8FE8005CC2A0 /* FastCaicoUITests.swift */ = {isa = PBXFileReference; lastKnownFileType = sourcecode.swift; path = FastCaicoUITests.swift; sourceTree = "<group>"; };
		DA78DE6F20EE8FE8005CC2A0 /* Info.plist */ = {isa = PBXFileReference; lastKnownFileType = text.plist.xml; path = Info.plist; sourceTree = "<group>"; };
		DA78DE7C20EE98B1005CC2A0 /* MainDish.swift */ = {isa = PBXFileReference; lastKnownFileType = sourcecode.swift; path = MainDish.swift; sourceTree = "<group>"; };
		DA78DE7E20EE98BC005CC2A0 /* Garnish.swift */ = {isa = PBXFileReference; lastKnownFileType = sourcecode.swift; path = Garnish.swift; sourceTree = "<group>"; };
		DA78DE8120F3EE16005CC2A0 /* Garnish.json */ = {isa = PBXFileReference; fileEncoding = 4; lastKnownFileType = text.json; path = Garnish.json; sourceTree = "<group>"; };
		DA78DE8220F3EE16005CC2A0 /* MainDish.json */ = {isa = PBXFileReference; fileEncoding = 4; lastKnownFileType = text.json; path = MainDish.json; sourceTree = "<group>"; };
		DA78DE8520F3EF38005CC2A0 /* ActiveRecord.swift */ = {isa = PBXFileReference; lastKnownFileType = sourcecode.swift; path = ActiveRecord.swift; sourceTree = "<group>"; };
		DA7AD3BF20F6394A00FE241B /* FoodCartTableViewCell.swift */ = {isa = PBXFileReference; lastKnownFileType = sourcecode.swift; path = FoodCartTableViewCell.swift; sourceTree = "<group>"; };
		DA7AD3C120F6395900FE241B /* FoodCartTableViewCell.xib */ = {isa = PBXFileReference; lastKnownFileType = file.xib; path = FoodCartTableViewCell.xib; sourceTree = "<group>"; };
		DA7AD3C320F63ED400FE241B /* FoodCartViewController.swift */ = {isa = PBXFileReference; lastKnownFileType = sourcecode.swift; path = FoodCartViewController.swift; sourceTree = "<group>"; };
		DA7AD3C520F6449D00FE241B /* FoodCart.swift */ = {isa = PBXFileReference; lastKnownFileType = sourcecode.swift; path = FoodCart.swift; sourceTree = "<group>"; };
		DA7AD3C720F69CED00FE241B /* UINavigationControllerExtension.swift */ = {isa = PBXFileReference; lastKnownFileType = sourcecode.swift; path = UINavigationControllerExtension.swift; sourceTree = "<group>"; };
		DA7AD3CA20F6BC5E00FE241B /* NotificationHandler.swift */ = {isa = PBXFileReference; lastKnownFileType = sourcecode.swift; path = NotificationHandler.swift; sourceTree = "<group>"; };
		DA7E6B0920F79091002BD535 /* FastCaicoIntents.intentdefinition */ = {isa = PBXFileReference; lastKnownFileType = file.intentdefinition; path = FastCaicoIntents.intentdefinition; sourceTree = "<group>"; };
		DA7E6B0F20F790B0002BD535 /* FastCaicoIntentExtension.appex */ = {isa = PBXFileReference; explicitFileType = "wrapper.app-extension"; includeInIndex = 0; path = FastCaicoIntentExtension.appex; sourceTree = BUILT_PRODUCTS_DIR; };
		DA7E6B1120F790B0002BD535 /* IntentHandler.swift */ = {isa = PBXFileReference; lastKnownFileType = sourcecode.swift; path = IntentHandler.swift; sourceTree = "<group>"; };
		DA7E6B1320F790B0002BD535 /* Info.plist */ = {isa = PBXFileReference; lastKnownFileType = text.plist.xml; path = Info.plist; sourceTree = "<group>"; };
		DA7E6B1820F790B0002BD535 /* FastCaicoIntentExtensionUI.appex */ = {isa = PBXFileReference; explicitFileType = "wrapper.app-extension"; includeInIndex = 0; path = FastCaicoIntentExtensionUI.appex; sourceTree = BUILT_PRODUCTS_DIR; };
		DA7E6B1920F790B0002BD535 /* IntentsUI.framework */ = {isa = PBXFileReference; lastKnownFileType = wrapper.framework; name = IntentsUI.framework; path = System/Library/Frameworks/IntentsUI.framework; sourceTree = SDKROOT; };
		DA7E6B1C20F790B0002BD535 /* IntentViewController.swift */ = {isa = PBXFileReference; lastKnownFileType = sourcecode.swift; path = IntentViewController.swift; sourceTree = "<group>"; };
		DA7E6B1F20F790B0002BD535 /* Base */ = {isa = PBXFileReference; lastKnownFileType = file.storyboard; name = Base; path = Base.lproj/MainInterface.storyboard; sourceTree = "<group>"; };
		DA7E6B2120F790B0002BD535 /* Info.plist */ = {isa = PBXFileReference; lastKnownFileType = text.plist.xml; path = Info.plist; sourceTree = "<group>"; };
		DA7E6B3820F794F9002BD535 /* IntentsManager.swift */ = {isa = PBXFileReference; lastKnownFileType = sourcecode.swift; path = IntentsManager.swift; sourceTree = "<group>"; };
		DA7E6B3F20F8D59A002BD535 /* OrderFoodIntentHandler.swift */ = {isa = PBXFileReference; lastKnownFileType = sourcecode.swift; path = OrderFoodIntentHandler.swift; sourceTree = "<group>"; };
		DA7E6B4120F8D755002BD535 /* SelectGarnishesIntentHandler.swift */ = {isa = PBXFileReference; lastKnownFileType = sourcecode.swift; path = SelectGarnishesIntentHandler.swift; sourceTree = "<group>"; };
		DAD07DA920F534AC001C1ACF /* Inspectables.swift */ = {isa = PBXFileReference; fileEncoding = 4; lastKnownFileType = sourcecode.swift; path = Inspectables.swift; sourceTree = "<group>"; };
		DAFF16B320F4E99D00FBAAB5 /* OrderConfirmationViewController.swift */ = {isa = PBXFileReference; lastKnownFileType = sourcecode.swift; path = OrderConfirmationViewController.swift; sourceTree = "<group>"; };
		DAFF16BD20F4ED7500FBAAB5 /* Inspectables.swift */ = {isa = PBXFileReference; lastKnownFileType = sourcecode.swift; path = Inspectables.swift; sourceTree = "<group>"; };
		DAFF16C220F5007B00FBAAB5 /* dishAnimation.json */ = {isa = PBXFileReference; fileEncoding = 4; lastKnownFileType = text.json; path = dishAnimation.json; sourceTree = "<group>"; };
		DAFF16C420F522B200FBAAB5 /* FoodOrder.swift */ = {isa = PBXFileReference; lastKnownFileType = sourcecode.swift; path = FoodOrder.swift; sourceTree = "<group>"; };
/* End PBXFileReference section */

/* Begin PBXFrameworksBuildPhase section */
		DA78DE4420EE8FE6005CC2A0 /* Frameworks */ = {
			isa = PBXFrameworksBuildPhase;
			buildActionMask = 2147483647;
			files = (
				D03B9AF3ABBCA9DC78848B8F /* Pods_FastCaico.framework in Frameworks */,
			);
			runOnlyForDeploymentPostprocessing = 0;
		};
		DA78DE5B20EE8FE8005CC2A0 /* Frameworks */ = {
			isa = PBXFrameworksBuildPhase;
			buildActionMask = 2147483647;
			files = (
				DAE751423FCBEA8177A114A9 /* Pods_FastCaicoTests.framework in Frameworks */,
			);
			runOnlyForDeploymentPostprocessing = 0;
		};
		DA78DE6620EE8FE8005CC2A0 /* Frameworks */ = {
			isa = PBXFrameworksBuildPhase;
			buildActionMask = 2147483647;
			files = (
				79796A75EEB70EE4EE99A36F /* Pods_FastCaicoUITests.framework in Frameworks */,
			);
			runOnlyForDeploymentPostprocessing = 0;
		};
		DA7E6B0C20F790B0002BD535 /* Frameworks */ = {
			isa = PBXFrameworksBuildPhase;
			buildActionMask = 2147483647;
			files = (
			);
			runOnlyForDeploymentPostprocessing = 0;
		};
		DA7E6B1520F790B0002BD535 /* Frameworks */ = {
			isa = PBXFrameworksBuildPhase;
			buildActionMask = 2147483647;
			files = (
				DA7E6B1A20F790B0002BD535 /* IntentsUI.framework in Frameworks */,
			);
			runOnlyForDeploymentPostprocessing = 0;
		};
/* End PBXFrameworksBuildPhase section */

/* Begin PBXGroup section */
		531BD68220F6773800A9A6C8 /* Views */ = {
			isa = PBXGroup;
			children = (
				531BD68320F6776700A9A6C8 /* GarnishesHeaderView.xib */,
				531BD68520F6778F00A9A6C8 /* GarnishesHeaderView.swift */,
			);
			path = Views;
			sourceTree = "<group>";
		};
		531BD68720F6BF8900A9A6C8 /* Transitons */ = {
			isa = PBXGroup;
			children = (
				531BD68820F6BF9300A9A6C8 /* MeatController */,
			);
			path = Transitons;
			sourceTree = "<group>";
		};
		531BD68820F6BF9300A9A6C8 /* MeatController */ = {
			isa = PBXGroup;
			children = (
				531BD68920F6BFBF00A9A6C8 /* MeatViewControllerAnimatedTransitioning.swift */,
			);
			path = MeatController;
			sourceTree = "<group>";
		};
		537333A620F4E69C002B9F0F /* Protocols */ = {
			isa = PBXGroup;
			children = (
				537333A720F4E6AD002B9F0F /* ViewProtocols.swift */,
			);
			path = Protocols;
			sourceTree = "<group>";
		};
		537333A920F4EAEA002B9F0F /* Extensions */ = {
			isa = PBXGroup;
			children = (
				DAD07DA920F534AC001C1ACF /* Inspectables.swift */,
				537333AA20F4EB0E002B9F0F /* UITableViewCellExtension.swift */,
				537333AC20F4EB60002B9F0F /* UITableViewExtension.swift */,
				DA7AD3C720F69CED00FE241B /* UINavigationControllerExtension.swift */,
			);
			path = Extensions;
			sourceTree = "<group>";
		};
		537333AE20F4F88A002B9F0F /* GarnishController */ = {
			isa = PBXGroup;
			children = (
				531BD68220F6773800A9A6C8 /* Views */,
				537333B420F4FC0D002B9F0F /* Cells */,
				537333AF20F4F8B0002B9F0F /* Controller */,
			);
			path = GarnishController;
			sourceTree = "<group>";
		};
		537333AF20F4F8B0002B9F0F /* Controller */ = {
			isa = PBXGroup;
			children = (
				537333B020F4F8EF002B9F0F /* GarnishViewController.swift */,
				537333B120F4F8EF002B9F0F /* GarnishViewController.xib */,
			);
			path = Controller;
			sourceTree = "<group>";
		};
		537333B420F4FC0D002B9F0F /* Cells */ = {
			isa = PBXGroup;
			children = (
				537333B520F4FC5E002B9F0F /* GarnishTableViewCell.swift */,
				537333B620F4FC5E002B9F0F /* GarnishTableViewCell.xib */,
			);
			path = Cells;
			sourceTree = "<group>";
		};
		539FB73620F54C1600A76CF8 /* OrderSummaryView */ = {
			isa = PBXGroup;
			children = (
				539FB73720F54C6800A76CF8 /* OrderSummaryView.swift */,
				539FB73920F54C7900A76CF8 /* OrderSummaryView.xib */,
			);
			path = OrderSummaryView;
			sourceTree = "<group>";
		};
		53B5361420F3D22C0073AAD0 /* Controllers */ = {
			isa = PBXGroup;
			children = (
				DA7AD3BE20F6391F00FE241B /* FoodCart */,
				DAFF16B220F4E98200FBAAB5 /* OrderConfirmation */,
				537333AE20F4F88A002B9F0F /* GarnishController */,
				53B5361520F3D2940073AAD0 /* MeatViewController.swift */,
				53B5361920F3D3240073AAD0 /* BaseViewController.swift */,
				53B5362520F3F25F0073AAD0 /* FastCaicoNavigationController.swift */,
			);
			path = Controllers;
			sourceTree = "<group>";
		};
		53B5361C20F3E16B0073AAD0 /* Views */ = {
			isa = PBXGroup;
			children = (
				539FB73620F54C1600A76CF8 /* OrderSummaryView */,
				53B5361D20F3E1E00073AAD0 /* MeatTableViewCell.swift */,
				53B5361E20F3E1E00073AAD0 /* MeatTableViewCell.xib */,
				53B5362120F3EF5D0073AAD0 /* FastCaicoHeaderView.xib */,
				53B5362320F3EF6E0073AAD0 /* FastCaicoHeaderView.swift */,
			);
			path = Views;
			sourceTree = "<group>";
		};
		924540EFEEDD064B24649C2A /* Pods */ = {
			isa = PBXGroup;
			children = (
				4BE6E3FBD61A40A1B017B5DF /* Pods-FastCaico.debug.xcconfig */,
				9894E94EE84746056A7AF725 /* Pods-FastCaico.release.xcconfig */,
				B7A59CD262BF5996F7E18F3D /* Pods-FastCaicoTests.debug.xcconfig */,
				721AA6F2DDFE679D1BA5DB9C /* Pods-FastCaicoTests.release.xcconfig */,
				4BDF39397E99397FB5BAEFFA /* Pods-FastCaicoUITests.debug.xcconfig */,
				09042F958F23251438F5E3DD /* Pods-FastCaicoUITests.release.xcconfig */,
			);
			name = Pods;
			sourceTree = "<group>";
		};
		B000FF12DEAE7B2E85B83C84 /* Frameworks */ = {
			isa = PBXGroup;
			children = (
				AF4742B65E26EA7673AAF880 /* Pods_FastCaico.framework */,
				D395298B28A6E93A128E9817 /* Pods_FastCaicoTests.framework */,
				3EDC95CD47C0D182BFA5ACAC /* Pods_FastCaicoUITests.framework */,
				DA7E6B1920F790B0002BD535 /* IntentsUI.framework */,
			);
			name = Frameworks;
			sourceTree = "<group>";
		};
		DA78DE3E20EE8FE6005CC2A0 = {
			isa = PBXGroup;
			children = (
				DA78DE4920EE8FE6005CC2A0 /* FastCaico */,
				DA78DE6120EE8FE8005CC2A0 /* FastCaicoTests */,
				DA78DE6C20EE8FE8005CC2A0 /* FastCaicoUITests */,
				DA7E6B1020F790B0002BD535 /* FastCaicoIntentExtension */,
				DA7E6B1B20F790B0002BD535 /* FastCaicoIntentExtensionUI */,
				DA78DE4820EE8FE6005CC2A0 /* Products */,
				DAD07DA820F5346E001C1ACF /* Recovered References */,
				924540EFEEDD064B24649C2A /* Pods */,
				B000FF12DEAE7B2E85B83C84 /* Frameworks */,
			);
			sourceTree = "<group>";
		};
		DA78DE4820EE8FE6005CC2A0 /* Products */ = {
			isa = PBXGroup;
			children = (
				DA78DE4720EE8FE6005CC2A0 /* FastCaico.app */,
				DA78DE5E20EE8FE8005CC2A0 /* FastCaicoTests.xctest */,
				DA78DE6920EE8FE8005CC2A0 /* FastCaicoUITests.xctest */,
				DA7E6B0F20F790B0002BD535 /* FastCaicoIntentExtension.appex */,
				DA7E6B1820F790B0002BD535 /* FastCaicoIntentExtensionUI.appex */,
			);
			name = Products;
			sourceTree = "<group>";
		};
		DA78DE4920EE8FE6005CC2A0 /* FastCaico */ = {
			isa = PBXGroup;
			children = (
				53F1453220F7F572000DCF43 /* FastCaico.entitlements */,
				DA7E6B3720F793C6002BD535 /* Intents */,
				DA7AD3C920F6BC4D00FE241B /* Utils */,
				531BD68720F6BF8900A9A6C8 /* Transitons */,
				DAFF16BF20F4F74500FBAAB5 /* Resources */,
				537333A920F4EAEA002B9F0F /* Extensions */,
				537333A620F4E69C002B9F0F /* Protocols */,
				DA78DE8020F3EDCF005CC2A0 /* MockedData */,
				53B5361C20F3E16B0073AAD0 /* Views */,
				53B5361420F3D22C0073AAD0 /* Controllers */,
				DA78DE7B20EE98A0005CC2A0 /* Model */,
				DA78DE4A20EE8FE6005CC2A0 /* AppDelegate.swift */,
				DA78DE5420EE8FE8005CC2A0 /* Assets.xcassets */,
				DA78DE5620EE8FE8005CC2A0 /* LaunchScreen.storyboard */,
				DA78DE5920EE8FE8005CC2A0 /* Info.plist */,
				DA78DE5120EE8FE6005CC2A0 /* FastCaico.xcdatamodeld */,
			);
			path = FastCaico;
			sourceTree = "<group>";
		};
		DA78DE6120EE8FE8005CC2A0 /* FastCaicoTests */ = {
			isa = PBXGroup;
			children = (
				DA78DE6220EE8FE8005CC2A0 /* FastCaicoTests.swift */,
				DA78DE6420EE8FE8005CC2A0 /* Info.plist */,
			);
			path = FastCaicoTests;
			sourceTree = "<group>";
		};
		DA78DE6C20EE8FE8005CC2A0 /* FastCaicoUITests */ = {
			isa = PBXGroup;
			children = (
				DA78DE6D20EE8FE8005CC2A0 /* FastCaicoUITests.swift */,
				DA78DE6F20EE8FE8005CC2A0 /* Info.plist */,
			);
			path = FastCaicoUITests;
			sourceTree = "<group>";
		};
		DA78DE7B20EE98A0005CC2A0 /* Model */ = {
			isa = PBXGroup;
			children = (
				DA78DE7C20EE98B1005CC2A0 /* MainDish.swift */,
				DA78DE7E20EE98BC005CC2A0 /* Garnish.swift */,
				DAFF16C420F522B200FBAAB5 /* FoodOrder.swift */,
				DA7AD3C520F6449D00FE241B /* FoodCart.swift */,
			);
			path = Model;
			sourceTree = "<group>";
		};
		DA78DE8020F3EDCF005CC2A0 /* MockedData */ = {
			isa = PBXGroup;
			children = (
				DA78DE8220F3EE16005CC2A0 /* MainDish.json */,
				DA78DE8120F3EE16005CC2A0 /* Garnish.json */,
				DA78DE8520F3EF38005CC2A0 /* ActiveRecord.swift */,
			);
			path = MockedData;
			sourceTree = "<group>";
		};
		DA7AD3BE20F6391F00FE241B /* FoodCart */ = {
			isa = PBXGroup;
			children = (
				DA7AD3BF20F6394A00FE241B /* FoodCartTableViewCell.swift */,
				DA7AD3C120F6395900FE241B /* FoodCartTableViewCell.xib */,
				DA7AD3C320F63ED400FE241B /* FoodCartViewController.swift */,
			);
			path = FoodCart;
			sourceTree = "<group>";
		};
		DA7AD3C920F6BC4D00FE241B /* Utils */ = {
			isa = PBXGroup;
			children = (
				DA7AD3CA20F6BC5E00FE241B /* NotificationHandler.swift */,
			);
			path = Utils;
			sourceTree = "<group>";
		};
		DA7E6B1020F790B0002BD535 /* FastCaicoIntentExtension */ = {
			isa = PBXGroup;
			children = (
				DA7E6B1120F790B0002BD535 /* IntentHandler.swift */,
				DA7E6B1320F790B0002BD535 /* Info.plist */,
			);
			path = FastCaicoIntentExtension;
			sourceTree = "<group>";
		};
		DA7E6B1B20F790B0002BD535 /* FastCaicoIntentExtensionUI */ = {
			isa = PBXGroup;
			children = (
				DA7E6B1C20F790B0002BD535 /* IntentViewController.swift */,
				DA7E6B1E20F790B0002BD535 /* MainInterface.storyboard */,
				DA7E6B2120F790B0002BD535 /* Info.plist */,
			);
			path = FastCaicoIntentExtensionUI;
			sourceTree = "<group>";
		};
		DA7E6B3720F793C6002BD535 /* Intents */ = {
			isa = PBXGroup;
			children = (
				DA7E6B0920F79091002BD535 /* FastCaicoIntents.intentdefinition */,
				DA7E6B3820F794F9002BD535 /* IntentsManager.swift */,
				DA7E6B3F20F8D59A002BD535 /* OrderFoodIntentHandler.swift */,
				DA7E6B4120F8D755002BD535 /* SelectGarnishesIntentHandler.swift */,
			);
			path = Intents;
			sourceTree = "<group>";
		};
		DAD07DA820F5346E001C1ACF /* Recovered References */ = {
			isa = PBXGroup;
			children = (
				DAFF16BD20F4ED7500FBAAB5 /* Inspectables.swift */,
			);
			name = "Recovered References";
			sourceTree = "<group>";
		};
		DAFF16B220F4E98200FBAAB5 /* OrderConfirmation */ = {
			isa = PBXGroup;
			children = (
				DAFF16B320F4E99D00FBAAB5 /* OrderConfirmationViewController.swift */,
			);
			path = OrderConfirmation;
			sourceTree = "<group>";
		};
		DAFF16BF20F4F74500FBAAB5 /* Resources */ = {
			isa = PBXGroup;
			children = (
				DAFF16C220F5007B00FBAAB5 /* dishAnimation.json */,
			);
			path = Resources;
			sourceTree = "<group>";
		};
/* End PBXGroup section */

/* Begin PBXNativeTarget section */
		DA78DE4620EE8FE6005CC2A0 /* FastCaico */ = {
			isa = PBXNativeTarget;
			buildConfigurationList = DA78DE7220EE8FE8005CC2A0 /* Build configuration list for PBXNativeTarget "FastCaico" */;
			buildPhases = (
				6741E5D2E26DCC413C6A25F4 /* [CP] Check Pods Manifest.lock */,
				DA78DE4320EE8FE6005CC2A0 /* Sources */,
				DA78DE4420EE8FE6005CC2A0 /* Frameworks */,
				DA78DE4520EE8FE6005CC2A0 /* Resources */,
				0E4DECC7A3DC4B956280F4BE /* [CP] Embed Pods Frameworks */,
				DA7E6B2E20F790B0002BD535 /* Embed App Extensions */,
			);
			buildRules = (
			);
			dependencies = (
				DA7E6B2320F790B0002BD535 /* PBXTargetDependency */,
				DA7E6B2620F790B0002BD535 /* PBXTargetDependency */,
			);
			name = FastCaico;
			productName = FastCaico;
			productReference = DA78DE4720EE8FE6005CC2A0 /* FastCaico.app */;
			productType = "com.apple.product-type.application";
		};
		DA78DE5D20EE8FE8005CC2A0 /* FastCaicoTests */ = {
			isa = PBXNativeTarget;
			buildConfigurationList = DA78DE7520EE8FE8005CC2A0 /* Build configuration list for PBXNativeTarget "FastCaicoTests" */;
			buildPhases = (
				FE83B41E6A90641E95CDC700 /* [CP] Check Pods Manifest.lock */,
				DA78DE5A20EE8FE8005CC2A0 /* Sources */,
				DA78DE5B20EE8FE8005CC2A0 /* Frameworks */,
				DA78DE5C20EE8FE8005CC2A0 /* Resources */,
			);
			buildRules = (
			);
			dependencies = (
				DA78DE6020EE8FE8005CC2A0 /* PBXTargetDependency */,
			);
			name = FastCaicoTests;
			productName = FastCaicoTests;
			productReference = DA78DE5E20EE8FE8005CC2A0 /* FastCaicoTests.xctest */;
			productType = "com.apple.product-type.bundle.unit-test";
		};
		DA78DE6820EE8FE8005CC2A0 /* FastCaicoUITests */ = {
			isa = PBXNativeTarget;
			buildConfigurationList = DA78DE7820EE8FE8005CC2A0 /* Build configuration list for PBXNativeTarget "FastCaicoUITests" */;
			buildPhases = (
				3094D47E089C1F51B4CAC952 /* [CP] Check Pods Manifest.lock */,
				DA78DE6520EE8FE8005CC2A0 /* Sources */,
				DA78DE6620EE8FE8005CC2A0 /* Frameworks */,
				DA78DE6720EE8FE8005CC2A0 /* Resources */,
			);
			buildRules = (
			);
			dependencies = (
				DA78DE6B20EE8FE8005CC2A0 /* PBXTargetDependency */,
			);
			name = FastCaicoUITests;
			productName = FastCaicoUITests;
			productReference = DA78DE6920EE8FE8005CC2A0 /* FastCaicoUITests.xctest */;
			productType = "com.apple.product-type.bundle.ui-testing";
		};
		DA7E6B0E20F790B0002BD535 /* FastCaicoIntentExtension */ = {
			isa = PBXNativeTarget;
			buildConfigurationList = DA7E6B2B20F790B0002BD535 /* Build configuration list for PBXNativeTarget "FastCaicoIntentExtension" */;
			buildPhases = (
				DA7E6B0B20F790B0002BD535 /* Sources */,
				DA7E6B0C20F790B0002BD535 /* Frameworks */,
				DA7E6B0D20F790B0002BD535 /* Resources */,
			);
			buildRules = (
			);
			dependencies = (
			);
			name = FastCaicoIntentExtension;
			productName = FastCaicoIntentExtension;
			productReference = DA7E6B0F20F790B0002BD535 /* FastCaicoIntentExtension.appex */;
			productType = "com.apple.product-type.app-extension";
		};
		DA7E6B1720F790B0002BD535 /* FastCaicoIntentExtensionUI */ = {
			isa = PBXNativeTarget;
			buildConfigurationList = DA7E6B2820F790B0002BD535 /* Build configuration list for PBXNativeTarget "FastCaicoIntentExtensionUI" */;
			buildPhases = (
				DA7E6B1420F790B0002BD535 /* Sources */,
				DA7E6B1520F790B0002BD535 /* Frameworks */,
				DA7E6B1620F790B0002BD535 /* Resources */,
			);
			buildRules = (
			);
			dependencies = (
			);
			name = FastCaicoIntentExtensionUI;
			productName = FastCaicoIntentExtensionUI;
			productReference = DA7E6B1820F790B0002BD535 /* FastCaicoIntentExtensionUI.appex */;
			productType = "com.apple.product-type.app-extension";
		};
/* End PBXNativeTarget section */

/* Begin PBXProject section */
		DA78DE3F20EE8FE6005CC2A0 /* Project object */ = {
			isa = PBXProject;
			attributes = {
				LastSwiftUpdateCheck = 1000;
				LastUpgradeCheck = 1000;
				ORGANIZATIONNAME = academy;
				TargetAttributes = {
					DA78DE4620EE8FE6005CC2A0 = {
						CreatedOnToolsVersion = 10.0;
						SystemCapabilities = {
							com.apple.Siri = {
								enabled = 1;
							};
						};
					};
					DA78DE5D20EE8FE8005CC2A0 = {
						CreatedOnToolsVersion = 10.0;
						TestTargetID = DA78DE4620EE8FE6005CC2A0;
					};
					DA78DE6820EE8FE8005CC2A0 = {
						CreatedOnToolsVersion = 10.0;
						TestTargetID = DA78DE4620EE8FE6005CC2A0;
					};
					DA7E6B0E20F790B0002BD535 = {
						CreatedOnToolsVersion = 10.0;
					};
					DA7E6B1720F790B0002BD535 = {
						CreatedOnToolsVersion = 10.0;
					};
				};
			};
			buildConfigurationList = DA78DE4220EE8FE6005CC2A0 /* Build configuration list for PBXProject "FastCaico" */;
			compatibilityVersion = "Xcode 9.3";
			developmentRegion = en;
			hasScannedForEncodings = 0;
			knownRegions = (
				en,
				Base,
			);
			mainGroup = DA78DE3E20EE8FE6005CC2A0;
			productRefGroup = DA78DE4820EE8FE6005CC2A0 /* Products */;
			projectDirPath = "";
			projectRoot = "";
			targets = (
				DA78DE4620EE8FE6005CC2A0 /* FastCaico */,
				DA78DE5D20EE8FE8005CC2A0 /* FastCaicoTests */,
				DA78DE6820EE8FE8005CC2A0 /* FastCaicoUITests */,
				DA7E6B0E20F790B0002BD535 /* FastCaicoIntentExtension */,
				DA7E6B1720F790B0002BD535 /* FastCaicoIntentExtensionUI */,
			);
		};
/* End PBXProject section */

/* Begin PBXResourcesBuildPhase section */
		DA78DE4520EE8FE6005CC2A0 /* Resources */ = {
			isa = PBXResourcesBuildPhase;
			buildActionMask = 2147483647;
			files = (
				DA78DE8320F3EE16005CC2A0 /* Garnish.json in Resources */,
				DA78DE8420F3EE16005CC2A0 /* MainDish.json in Resources */,
				DAFF16C320F5007B00FBAAB5 /* dishAnimation.json in Resources */,
				537333B820F4FC5E002B9F0F /* GarnishTableViewCell.xib in Resources */,
				531BD68420F6776700A9A6C8 /* GarnishesHeaderView.xib in Resources */,
				DA78DE5820EE8FE8005CC2A0 /* LaunchScreen.storyboard in Resources */,
				DA7AD3C220F6395900FE241B /* FoodCartTableViewCell.xib in Resources */,
				537333B320F4F8EF002B9F0F /* GarnishViewController.xib in Resources */,
				539FB73A20F54C7900A76CF8 /* OrderSummaryView.xib in Resources */,
				53B5362220F3EF5D0073AAD0 /* FastCaicoHeaderView.xib in Resources */,
				53B5362020F3E1E00073AAD0 /* MeatTableViewCell.xib in Resources */,
				DA78DE5520EE8FE8005CC2A0 /* Assets.xcassets in Resources */,
			);
			runOnlyForDeploymentPostprocessing = 0;
		};
		DA78DE5C20EE8FE8005CC2A0 /* Resources */ = {
			isa = PBXResourcesBuildPhase;
			buildActionMask = 2147483647;
			files = (
			);
			runOnlyForDeploymentPostprocessing = 0;
		};
		DA78DE6720EE8FE8005CC2A0 /* Resources */ = {
			isa = PBXResourcesBuildPhase;
			buildActionMask = 2147483647;
			files = (
			);
			runOnlyForDeploymentPostprocessing = 0;
		};
		DA7E6B0D20F790B0002BD535 /* Resources */ = {
			isa = PBXResourcesBuildPhase;
			buildActionMask = 2147483647;
			files = (
			);
			runOnlyForDeploymentPostprocessing = 0;
		};
		DA7E6B1620F790B0002BD535 /* Resources */ = {
			isa = PBXResourcesBuildPhase;
			buildActionMask = 2147483647;
			files = (
				DA80F67620F8F45700B636C9 /* Assets.xcassets in Resources */,
				DA7E6B2020F790B0002BD535 /* MainInterface.storyboard in Resources */,
			);
			runOnlyForDeploymentPostprocessing = 0;
		};
/* End PBXResourcesBuildPhase section */

/* Begin PBXShellScriptBuildPhase section */
		0E4DECC7A3DC4B956280F4BE /* [CP] Embed Pods Frameworks */ = {
			isa = PBXShellScriptBuildPhase;
			buildActionMask = 2147483647;
			files = (
			);
			inputPaths = (
				"${SRCROOT}/Pods/Target Support Files/Pods-FastCaico/Pods-FastCaico-frameworks.sh",
				"${BUILT_PRODUCTS_DIR}/lottie-ios/Lottie.framework",
			);
			name = "[CP] Embed Pods Frameworks";
			outputPaths = (
				"${TARGET_BUILD_DIR}/${FRAMEWORKS_FOLDER_PATH}/Lottie.framework",
			);
			runOnlyForDeploymentPostprocessing = 0;
			shellPath = /bin/sh;
			shellScript = "\"${SRCROOT}/Pods/Target Support Files/Pods-FastCaico/Pods-FastCaico-frameworks.sh\"\n";
			showEnvVarsInLog = 0;
		};
		3094D47E089C1F51B4CAC952 /* [CP] Check Pods Manifest.lock */ = {
			isa = PBXShellScriptBuildPhase;
			buildActionMask = 2147483647;
			files = (
			);
			inputPaths = (
				"${PODS_PODFILE_DIR_PATH}/Podfile.lock",
				"${PODS_ROOT}/Manifest.lock",
			);
			name = "[CP] Check Pods Manifest.lock";
			outputPaths = (
				"$(DERIVED_FILE_DIR)/Pods-FastCaicoUITests-checkManifestLockResult.txt",
			);
			runOnlyForDeploymentPostprocessing = 0;
			shellPath = /bin/sh;
			shellScript = "diff \"${PODS_PODFILE_DIR_PATH}/Podfile.lock\" \"${PODS_ROOT}/Manifest.lock\" > /dev/null\nif [ $? != 0 ] ; then\n    # print error to STDERR\n    echo \"error: The sandbox is not in sync with the Podfile.lock. Run 'pod install' or update your CocoaPods installation.\" >&2\n    exit 1\nfi\n# This output is used by Xcode 'outputs' to avoid re-running this script phase.\necho \"SUCCESS\" > \"${SCRIPT_OUTPUT_FILE_0}\"\n";
			showEnvVarsInLog = 0;
		};
		6741E5D2E26DCC413C6A25F4 /* [CP] Check Pods Manifest.lock */ = {
			isa = PBXShellScriptBuildPhase;
			buildActionMask = 2147483647;
			files = (
			);
			inputPaths = (
				"${PODS_PODFILE_DIR_PATH}/Podfile.lock",
				"${PODS_ROOT}/Manifest.lock",
			);
			name = "[CP] Check Pods Manifest.lock";
			outputPaths = (
				"$(DERIVED_FILE_DIR)/Pods-FastCaico-checkManifestLockResult.txt",
			);
			runOnlyForDeploymentPostprocessing = 0;
			shellPath = /bin/sh;
			shellScript = "diff \"${PODS_PODFILE_DIR_PATH}/Podfile.lock\" \"${PODS_ROOT}/Manifest.lock\" > /dev/null\nif [ $? != 0 ] ; then\n    # print error to STDERR\n    echo \"error: The sandbox is not in sync with the Podfile.lock. Run 'pod install' or update your CocoaPods installation.\" >&2\n    exit 1\nfi\n# This output is used by Xcode 'outputs' to avoid re-running this script phase.\necho \"SUCCESS\" > \"${SCRIPT_OUTPUT_FILE_0}\"\n";
			showEnvVarsInLog = 0;
		};
		FE83B41E6A90641E95CDC700 /* [CP] Check Pods Manifest.lock */ = {
			isa = PBXShellScriptBuildPhase;
			buildActionMask = 2147483647;
			files = (
			);
			inputPaths = (
				"${PODS_PODFILE_DIR_PATH}/Podfile.lock",
				"${PODS_ROOT}/Manifest.lock",
			);
			name = "[CP] Check Pods Manifest.lock";
			outputPaths = (
				"$(DERIVED_FILE_DIR)/Pods-FastCaicoTests-checkManifestLockResult.txt",
			);
			runOnlyForDeploymentPostprocessing = 0;
			shellPath = /bin/sh;
			shellScript = "diff \"${PODS_PODFILE_DIR_PATH}/Podfile.lock\" \"${PODS_ROOT}/Manifest.lock\" > /dev/null\nif [ $? != 0 ] ; then\n    # print error to STDERR\n    echo \"error: The sandbox is not in sync with the Podfile.lock. Run 'pod install' or update your CocoaPods installation.\" >&2\n    exit 1\nfi\n# This output is used by Xcode 'outputs' to avoid re-running this script phase.\necho \"SUCCESS\" > \"${SCRIPT_OUTPUT_FILE_0}\"\n";
			showEnvVarsInLog = 0;
		};
/* End PBXShellScriptBuildPhase section */

/* Begin PBXSourcesBuildPhase section */
		DA78DE4320EE8FE6005CC2A0 /* Sources */ = {
			isa = PBXSourcesBuildPhase;
			buildActionMask = 2147483647;
			files = (
				DA7E6B3920F794F9002BD535 /* IntentsManager.swift in Sources */,
				DA7AD3C420F63ED400FE241B /* FoodCartViewController.swift in Sources */,
				DA7AD3CB20F6BC5E00FE241B /* NotificationHandler.swift in Sources */,
				53B5361A20F3D3240073AAD0 /* BaseViewController.swift in Sources */,
				DAD07DAA20F534AC001C1ACF /* Inspectables.swift in Sources */,
				53B5361720F3D2940073AAD0 /* MeatViewController.swift in Sources */,
				53B5362420F3EF6E0073AAD0 /* FastCaicoHeaderView.swift in Sources */,
				537333AB20F4EB0E002B9F0F /* UITableViewCellExtension.swift in Sources */,
				DA7AD3BD20F5409100FE241B /* MainDish.swift in Sources */,
				537333A820F4E6AD002B9F0F /* ViewProtocols.swift in Sources */,
				DA7E6B4020F8D59A002BD535 /* OrderFoodIntentHandler.swift in Sources */,
				DA7E6B2F20F790BB002BD535 /* IntentHandler.swift in Sources */,
				539FB73820F54C6800A76CF8 /* OrderSummaryView.swift in Sources */,
				531BD68620F6778F00A9A6C8 /* GarnishesHeaderView.swift in Sources */,
				537333AD20F4EB60002B9F0F /* UITableViewExtension.swift in Sources */,
				537333B720F4FC5E002B9F0F /* GarnishTableViewCell.swift in Sources */,
				DA7AD3C020F6394A00FE241B /* FoodCartTableViewCell.swift in Sources */,
				53B5361F20F3E1E00073AAD0 /* MeatTableViewCell.swift in Sources */,
				DA7AD3C820F69CED00FE241B /* UINavigationControllerExtension.swift in Sources */,
				DA7AD3C620F6449D00FE241B /* FoodCart.swift in Sources */,
				DA78DE7F20EE98BC005CC2A0 /* Garnish.swift in Sources */,
				DA7E6B3420F790CD002BD535 /* IntentViewController.swift in Sources */,
				53B5362620F3F25F0073AAD0 /* FastCaicoNavigationController.swift in Sources */,
				DA7E6B0A20F79091002BD535 /* FastCaicoIntents.intentdefinition in Sources */,
				DA78DE5320EE8FE6005CC2A0 /* FastCaico.xcdatamodeld in Sources */,
				531BD68A20F6BFBF00A9A6C8 /* MeatViewControllerAnimatedTransitioning.swift in Sources */,
				537333B220F4F8EF002B9F0F /* GarnishViewController.swift in Sources */,
				DA78DE4B20EE8FE6005CC2A0 /* AppDelegate.swift in Sources */,
				539FB73520F5417E00A76CF8 /* FoodOrder.swift in Sources */,
				DAFF16B520F4E99D00FBAAB5 /* OrderConfirmationViewController.swift in Sources */,
				DA78DE8620F3EF38005CC2A0 /* ActiveRecord.swift in Sources */,
				DA7E6B4220F8D755002BD535 /* SelectGarnishesIntentHandler.swift in Sources */,
			);
			runOnlyForDeploymentPostprocessing = 0;
		};
		DA78DE5A20EE8FE8005CC2A0 /* Sources */ = {
			isa = PBXSourcesBuildPhase;
			buildActionMask = 2147483647;
			files = (
				DA78DE6320EE8FE8005CC2A0 /* FastCaicoTests.swift in Sources */,
			);
			runOnlyForDeploymentPostprocessing = 0;
		};
		DA78DE6520EE8FE8005CC2A0 /* Sources */ = {
			isa = PBXSourcesBuildPhase;
			buildActionMask = 2147483647;
			files = (
				DA78DE6E20EE8FE8005CC2A0 /* FastCaicoUITests.swift in Sources */,
			);
			runOnlyForDeploymentPostprocessing = 0;
		};
		DA7E6B0B20F790B0002BD535 /* Sources */ = {
			isa = PBXSourcesBuildPhase;
			buildActionMask = 2147483647;
			files = (
				DA7E6B3320F790CC002BD535 /* IntentViewController.swift in Sources */,
				DA7E6B3C20F7AAB3002BD535 /* FastCaicoIntents.intentdefinition in Sources */,
				DA7E6B1220F790B0002BD535 /* IntentHandler.swift in Sources */,
			);
			runOnlyForDeploymentPostprocessing = 0;
		};
		DA7E6B1420F790B0002BD535 /* Sources */ = {
			isa = PBXSourcesBuildPhase;
			buildActionMask = 2147483647;
			files = (
				DA7E6B3120F790BC002BD535 /* IntentHandler.swift in Sources */,
				DA7E6B3D20F7AAB4002BD535 /* FastCaicoIntents.intentdefinition in Sources */,
				DA7E6B1D20F790B0002BD535 /* IntentViewController.swift in Sources */,
			);
			runOnlyForDeploymentPostprocessing = 0;
		};
/* End PBXSourcesBuildPhase section */

/* Begin PBXTargetDependency section */
		DA78DE6020EE8FE8005CC2A0 /* PBXTargetDependency */ = {
			isa = PBXTargetDependency;
			target = DA78DE4620EE8FE6005CC2A0 /* FastCaico */;
			targetProxy = DA78DE5F20EE8FE8005CC2A0 /* PBXContainerItemProxy */;
		};
		DA78DE6B20EE8FE8005CC2A0 /* PBXTargetDependency */ = {
			isa = PBXTargetDependency;
			target = DA78DE4620EE8FE6005CC2A0 /* FastCaico */;
			targetProxy = DA78DE6A20EE8FE8005CC2A0 /* PBXContainerItemProxy */;
		};
		DA7E6B2320F790B0002BD535 /* PBXTargetDependency */ = {
			isa = PBXTargetDependency;
			target = DA7E6B1720F790B0002BD535 /* FastCaicoIntentExtensionUI */;
			targetProxy = DA7E6B2220F790B0002BD535 /* PBXContainerItemProxy */;
		};
		DA7E6B2620F790B0002BD535 /* PBXTargetDependency */ = {
			isa = PBXTargetDependency;
			target = DA7E6B0E20F790B0002BD535 /* FastCaicoIntentExtension */;
			targetProxy = DA7E6B2520F790B0002BD535 /* PBXContainerItemProxy */;
		};
/* End PBXTargetDependency section */

/* Begin PBXVariantGroup section */
		DA78DE5620EE8FE8005CC2A0 /* LaunchScreen.storyboard */ = {
			isa = PBXVariantGroup;
			children = (
				DA78DE5720EE8FE8005CC2A0 /* Base */,
			);
			name = LaunchScreen.storyboard;
			sourceTree = "<group>";
		};
		DA7E6B1E20F790B0002BD535 /* MainInterface.storyboard */ = {
			isa = PBXVariantGroup;
			children = (
				DA7E6B1F20F790B0002BD535 /* Base */,
			);
			name = MainInterface.storyboard;
			sourceTree = "<group>";
		};
/* End PBXVariantGroup section */

/* Begin XCBuildConfiguration section */
		DA78DE7020EE8FE8005CC2A0 /* Debug */ = {
			isa = XCBuildConfiguration;
			buildSettings = {
				ALWAYS_SEARCH_USER_PATHS = NO;
				CLANG_ANALYZER_NONNULL = YES;
				CLANG_ANALYZER_NUMBER_OBJECT_CONVERSION = YES_AGGRESSIVE;
				CLANG_CXX_LANGUAGE_STANDARD = "gnu++14";
				CLANG_CXX_LIBRARY = "libc++";
				CLANG_ENABLE_MODULES = YES;
				CLANG_ENABLE_OBJC_ARC = YES;
				CLANG_ENABLE_OBJC_WEAK = YES;
				CLANG_WARN_BLOCK_CAPTURE_AUTORELEASING = YES;
				CLANG_WARN_BOOL_CONVERSION = YES;
				CLANG_WARN_COMMA = YES;
				CLANG_WARN_CONSTANT_CONVERSION = YES;
				CLANG_WARN_DEPRECATED_OBJC_IMPLEMENTATIONS = YES;
				CLANG_WARN_DIRECT_OBJC_ISA_USAGE = YES_ERROR;
				CLANG_WARN_DOCUMENTATION_COMMENTS = YES;
				CLANG_WARN_EMPTY_BODY = YES;
				CLANG_WARN_ENUM_CONVERSION = YES;
				CLANG_WARN_INFINITE_RECURSION = YES;
				CLANG_WARN_INT_CONVERSION = YES;
				CLANG_WARN_NON_LITERAL_NULL_CONVERSION = YES;
				CLANG_WARN_OBJC_IMPLICIT_RETAIN_SELF = YES;
				CLANG_WARN_OBJC_LITERAL_CONVERSION = YES;
				CLANG_WARN_OBJC_ROOT_CLASS = YES_ERROR;
				CLANG_WARN_RANGE_LOOP_ANALYSIS = YES;
				CLANG_WARN_STRICT_PROTOTYPES = YES;
				CLANG_WARN_SUSPICIOUS_MOVE = YES;
				CLANG_WARN_UNGUARDED_AVAILABILITY = YES_AGGRESSIVE;
				CLANG_WARN_UNREACHABLE_CODE = YES;
				CLANG_WARN__DUPLICATE_METHOD_MATCH = YES;
				CODE_SIGN_IDENTITY = "iPhone Developer";
				COPY_PHASE_STRIP = NO;
				DEBUG_INFORMATION_FORMAT = dwarf;
				ENABLE_STRICT_OBJC_MSGSEND = YES;
				ENABLE_TESTABILITY = YES;
				GCC_C_LANGUAGE_STANDARD = gnu11;
				GCC_DYNAMIC_NO_PIC = NO;
				GCC_NO_COMMON_BLOCKS = YES;
				GCC_OPTIMIZATION_LEVEL = 0;
				GCC_PREPROCESSOR_DEFINITIONS = (
					"DEBUG=1",
					"$(inherited)",
				);
				GCC_WARN_64_TO_32_BIT_CONVERSION = YES;
				GCC_WARN_ABOUT_RETURN_TYPE = YES_ERROR;
				GCC_WARN_UNDECLARED_SELECTOR = YES;
				GCC_WARN_UNINITIALIZED_AUTOS = YES_AGGRESSIVE;
				GCC_WARN_UNUSED_FUNCTION = YES;
				GCC_WARN_UNUSED_VARIABLE = YES;
				IPHONEOS_DEPLOYMENT_TARGET = 12.0;
				MTL_ENABLE_DEBUG_INFO = INCLUDE_SOURCE;
				MTL_FAST_MATH = YES;
				ONLY_ACTIVE_ARCH = YES;
				SDKROOT = iphoneos;
				SWIFT_ACTIVE_COMPILATION_CONDITIONS = DEBUG;
				SWIFT_OPTIMIZATION_LEVEL = "-Onone";
			};
			name = Debug;
		};
		DA78DE7120EE8FE8005CC2A0 /* Release */ = {
			isa = XCBuildConfiguration;
			buildSettings = {
				ALWAYS_SEARCH_USER_PATHS = NO;
				CLANG_ANALYZER_NONNULL = YES;
				CLANG_ANALYZER_NUMBER_OBJECT_CONVERSION = YES_AGGRESSIVE;
				CLANG_CXX_LANGUAGE_STANDARD = "gnu++14";
				CLANG_CXX_LIBRARY = "libc++";
				CLANG_ENABLE_MODULES = YES;
				CLANG_ENABLE_OBJC_ARC = YES;
				CLANG_ENABLE_OBJC_WEAK = YES;
				CLANG_WARN_BLOCK_CAPTURE_AUTORELEASING = YES;
				CLANG_WARN_BOOL_CONVERSION = YES;
				CLANG_WARN_COMMA = YES;
				CLANG_WARN_CONSTANT_CONVERSION = YES;
				CLANG_WARN_DEPRECATED_OBJC_IMPLEMENTATIONS = YES;
				CLANG_WARN_DIRECT_OBJC_ISA_USAGE = YES_ERROR;
				CLANG_WARN_DOCUMENTATION_COMMENTS = YES;
				CLANG_WARN_EMPTY_BODY = YES;
				CLANG_WARN_ENUM_CONVERSION = YES;
				CLANG_WARN_INFINITE_RECURSION = YES;
				CLANG_WARN_INT_CONVERSION = YES;
				CLANG_WARN_NON_LITERAL_NULL_CONVERSION = YES;
				CLANG_WARN_OBJC_IMPLICIT_RETAIN_SELF = YES;
				CLANG_WARN_OBJC_LITERAL_CONVERSION = YES;
				CLANG_WARN_OBJC_ROOT_CLASS = YES_ERROR;
				CLANG_WARN_RANGE_LOOP_ANALYSIS = YES;
				CLANG_WARN_STRICT_PROTOTYPES = YES;
				CLANG_WARN_SUSPICIOUS_MOVE = YES;
				CLANG_WARN_UNGUARDED_AVAILABILITY = YES_AGGRESSIVE;
				CLANG_WARN_UNREACHABLE_CODE = YES;
				CLANG_WARN__DUPLICATE_METHOD_MATCH = YES;
				CODE_SIGN_IDENTITY = "iPhone Developer";
				COPY_PHASE_STRIP = NO;
				DEBUG_INFORMATION_FORMAT = "dwarf-with-dsym";
				ENABLE_NS_ASSERTIONS = NO;
				ENABLE_STRICT_OBJC_MSGSEND = YES;
				GCC_C_LANGUAGE_STANDARD = gnu11;
				GCC_NO_COMMON_BLOCKS = YES;
				GCC_WARN_64_TO_32_BIT_CONVERSION = YES;
				GCC_WARN_ABOUT_RETURN_TYPE = YES_ERROR;
				GCC_WARN_UNDECLARED_SELECTOR = YES;
				GCC_WARN_UNINITIALIZED_AUTOS = YES_AGGRESSIVE;
				GCC_WARN_UNUSED_FUNCTION = YES;
				GCC_WARN_UNUSED_VARIABLE = YES;
				IPHONEOS_DEPLOYMENT_TARGET = 12.0;
				MTL_ENABLE_DEBUG_INFO = NO;
				MTL_FAST_MATH = YES;
				SDKROOT = iphoneos;
				SWIFT_COMPILATION_MODE = wholemodule;
				SWIFT_OPTIMIZATION_LEVEL = "-O";
				VALIDATE_PRODUCT = YES;
			};
			name = Release;
		};
		DA78DE7320EE8FE8005CC2A0 /* Debug */ = {
			isa = XCBuildConfiguration;
			baseConfigurationReference = 4BE6E3FBD61A40A1B017B5DF /* Pods-FastCaico.debug.xcconfig */;
			buildSettings = {
				ALWAYS_EMBED_SWIFT_STANDARD_LIBRARIES = YES;
				ASSETCATALOG_COMPILER_APPICON_NAME = AppIcon;
				CODE_SIGN_ENTITLEMENTS = FastCaico/FastCaico.entitlements;
				CODE_SIGN_STYLE = Automatic;
				DEVELOPMENT_TEAM = 45BX7W7QF5;
				INFOPLIST_FILE = FastCaico/Info.plist;
				IPHONEOS_DEPLOYMENT_TARGET = 12.0;
				LD_RUNPATH_SEARCH_PATHS = (
					"$(inherited)",
					"@executable_path/Frameworks",
				);
				PRODUCT_BUNDLE_IDENTIFIER = academy.ifce.FastCaico;
				PRODUCT_NAME = "$(TARGET_NAME)";
				SWIFT_VERSION = 4.2;
				TARGETED_DEVICE_FAMILY = "1,2";
			};
			name = Debug;
		};
		DA78DE7420EE8FE8005CC2A0 /* Release */ = {
			isa = XCBuildConfiguration;
			baseConfigurationReference = 9894E94EE84746056A7AF725 /* Pods-FastCaico.release.xcconfig */;
			buildSettings = {
				ALWAYS_EMBED_SWIFT_STANDARD_LIBRARIES = YES;
				ASSETCATALOG_COMPILER_APPICON_NAME = AppIcon;
				CODE_SIGN_ENTITLEMENTS = FastCaico/FastCaico.entitlements;
				CODE_SIGN_STYLE = Automatic;
				DEVELOPMENT_TEAM = 45BX7W7QF5;
				INFOPLIST_FILE = FastCaico/Info.plist;
				IPHONEOS_DEPLOYMENT_TARGET = 12.0;
				LD_RUNPATH_SEARCH_PATHS = (
					"$(inherited)",
					"@executable_path/Frameworks",
				);
				PRODUCT_BUNDLE_IDENTIFIER = academy.ifce.FastCaico;
				PRODUCT_NAME = "$(TARGET_NAME)";
				SWIFT_VERSION = 4.2;
				TARGETED_DEVICE_FAMILY = "1,2";
			};
			name = Release;
		};
		DA78DE7620EE8FE8005CC2A0 /* Debug */ = {
			isa = XCBuildConfiguration;
			baseConfigurationReference = B7A59CD262BF5996F7E18F3D /* Pods-FastCaicoTests.debug.xcconfig */;
			buildSettings = {
				ALWAYS_EMBED_SWIFT_STANDARD_LIBRARIES = YES;
				BUNDLE_LOADER = "$(TEST_HOST)";
				CODE_SIGN_STYLE = Automatic;
				DEVELOPMENT_TEAM = 45BX7W7QF5;
				INFOPLIST_FILE = FastCaicoTests/Info.plist;
				LD_RUNPATH_SEARCH_PATHS = (
					"$(inherited)",
					"@executable_path/Frameworks",
					"@loader_path/Frameworks",
				);
				PRODUCT_BUNDLE_IDENTIFIER = academy.FastCaicoTests;
				PRODUCT_NAME = "$(TARGET_NAME)";
				SWIFT_VERSION = 4.2;
				TARGETED_DEVICE_FAMILY = "1,2";
				TEST_HOST = "$(BUILT_PRODUCTS_DIR)/FastCaico.app/FastCaico";
			};
			name = Debug;
		};
		DA78DE7720EE8FE8005CC2A0 /* Release */ = {
			isa = XCBuildConfiguration;
			baseConfigurationReference = 721AA6F2DDFE679D1BA5DB9C /* Pods-FastCaicoTests.release.xcconfig */;
			buildSettings = {
				ALWAYS_EMBED_SWIFT_STANDARD_LIBRARIES = YES;
				BUNDLE_LOADER = "$(TEST_HOST)";
				CODE_SIGN_STYLE = Automatic;
				DEVELOPMENT_TEAM = 45BX7W7QF5;
				INFOPLIST_FILE = FastCaicoTests/Info.plist;
				LD_RUNPATH_SEARCH_PATHS = (
					"$(inherited)",
					"@executable_path/Frameworks",
					"@loader_path/Frameworks",
				);
				PRODUCT_BUNDLE_IDENTIFIER = academy.FastCaicoTests;
				PRODUCT_NAME = "$(TARGET_NAME)";
				SWIFT_VERSION = 4.2;
				TARGETED_DEVICE_FAMILY = "1,2";
				TEST_HOST = "$(BUILT_PRODUCTS_DIR)/FastCaico.app/FastCaico";
			};
			name = Release;
		};
		DA78DE7920EE8FE8005CC2A0 /* Debug */ = {
			isa = XCBuildConfiguration;
			baseConfigurationReference = 4BDF39397E99397FB5BAEFFA /* Pods-FastCaicoUITests.debug.xcconfig */;
			buildSettings = {
				ALWAYS_EMBED_SWIFT_STANDARD_LIBRARIES = YES;
				CODE_SIGN_STYLE = Automatic;
				DEVELOPMENT_TEAM = 45BX7W7QF5;
				INFOPLIST_FILE = FastCaicoUITests/Info.plist;
				LD_RUNPATH_SEARCH_PATHS = (
					"$(inherited)",
					"@executable_path/Frameworks",
					"@loader_path/Frameworks",
				);
				PRODUCT_BUNDLE_IDENTIFIER = academy.FastCaicoUITests;
				PRODUCT_NAME = "$(TARGET_NAME)";
				SWIFT_VERSION = 4.2;
				TARGETED_DEVICE_FAMILY = "1,2";
				TEST_TARGET_NAME = FastCaico;
			};
			name = Debug;
		};
		DA78DE7A20EE8FE8005CC2A0 /* Release */ = {
			isa = XCBuildConfiguration;
			baseConfigurationReference = 09042F958F23251438F5E3DD /* Pods-FastCaicoUITests.release.xcconfig */;
			buildSettings = {
				ALWAYS_EMBED_SWIFT_STANDARD_LIBRARIES = YES;
				CODE_SIGN_STYLE = Automatic;
				DEVELOPMENT_TEAM = 45BX7W7QF5;
				INFOPLIST_FILE = FastCaicoUITests/Info.plist;
				LD_RUNPATH_SEARCH_PATHS = (
					"$(inherited)",
					"@executable_path/Frameworks",
					"@loader_path/Frameworks",
				);
				PRODUCT_BUNDLE_IDENTIFIER = academy.FastCaicoUITests;
				PRODUCT_NAME = "$(TARGET_NAME)";
				SWIFT_VERSION = 4.2;
				TARGETED_DEVICE_FAMILY = "1,2";
				TEST_TARGET_NAME = FastCaico;
			};
			name = Release;
		};
		DA7E6B2920F790B0002BD535 /* Debug */ = {
			isa = XCBuildConfiguration;
			buildSettings = {
				CODE_SIGN_STYLE = Automatic;
				DEVELOPMENT_TEAM = 45BX7W7QF5;
				INFOPLIST_FILE = FastCaicoIntentExtensionUI/Info.plist;
				LD_RUNPATH_SEARCH_PATHS = (
					"$(inherited)",
					"@executable_path/Frameworks",
					"@executable_path/../../Frameworks",
				);
				PRODUCT_BUNDLE_IDENTIFIER = academy.ifce.FastCaico.FastCaicoIntentExtensionUI;
				PRODUCT_NAME = "$(TARGET_NAME)";
				SKIP_INSTALL = YES;
				SWIFT_VERSION = 4.2;
				TARGETED_DEVICE_FAMILY = "1,2";
			};
			name = Debug;
		};
		DA7E6B2A20F790B0002BD535 /* Release */ = {
			isa = XCBuildConfiguration;
			buildSettings = {
				CODE_SIGN_STYLE = Automatic;
				DEVELOPMENT_TEAM = 45BX7W7QF5;
				INFOPLIST_FILE = FastCaicoIntentExtensionUI/Info.plist;
				LD_RUNPATH_SEARCH_PATHS = (
					"$(inherited)",
					"@executable_path/Frameworks",
					"@executable_path/../../Frameworks",
				);
				PRODUCT_BUNDLE_IDENTIFIER = academy.ifce.FastCaico.FastCaicoIntentExtensionUI;
				PRODUCT_NAME = "$(TARGET_NAME)";
				SKIP_INSTALL = YES;
				SWIFT_VERSION = 4.2;
				TARGETED_DEVICE_FAMILY = "1,2";
			};
			name = Release;
		};
		DA7E6B2C20F790B0002BD535 /* Debug */ = {
			isa = XCBuildConfiguration;
			buildSettings = {
				CODE_SIGN_STYLE = Automatic;
				DEVELOPMENT_TEAM = 45BX7W7QF5;
				INFOPLIST_FILE = FastCaicoIntentExtension/Info.plist;
				LD_RUNPATH_SEARCH_PATHS = (
					"$(inherited)",
					"@executable_path/Frameworks",
					"@executable_path/../../Frameworks",
				);
				PRODUCT_BUNDLE_IDENTIFIER = academy.ifce.FastCaico.FastCaicoIntentExtension;
				PRODUCT_NAME = "$(TARGET_NAME)";
				SKIP_INSTALL = YES;
				SWIFT_VERSION = 4.2;
				TARGETED_DEVICE_FAMILY = "1,2";
			};
			name = Debug;
		};
		DA7E6B2D20F790B0002BD535 /* Release */ = {
			isa = XCBuildConfiguration;
			buildSettings = {
				CODE_SIGN_STYLE = Automatic;
				DEVELOPMENT_TEAM = 45BX7W7QF5;
				INFOPLIST_FILE = FastCaicoIntentExtension/Info.plist;
				LD_RUNPATH_SEARCH_PATHS = (
					"$(inherited)",
					"@executable_path/Frameworks",
					"@executable_path/../../Frameworks",
				);
				PRODUCT_BUNDLE_IDENTIFIER = academy.ifce.FastCaico.FastCaicoIntentExtension;
				PRODUCT_NAME = "$(TARGET_NAME)";
				SKIP_INSTALL = YES;
				SWIFT_VERSION = 4.2;
				TARGETED_DEVICE_FAMILY = "1,2";
			};
			name = Release;
		};
/* End XCBuildConfiguration section */

/* Begin XCConfigurationList section */
		DA78DE4220EE8FE6005CC2A0 /* Build configuration list for PBXProject "FastCaico" */ = {
			isa = XCConfigurationList;
			buildConfigurations = (
				DA78DE7020EE8FE8005CC2A0 /* Debug */,
				DA78DE7120EE8FE8005CC2A0 /* Release */,
			);
			defaultConfigurationIsVisible = 0;
			defaultConfigurationName = Release;
		};
		DA78DE7220EE8FE8005CC2A0 /* Build configuration list for PBXNativeTarget "FastCaico" */ = {
			isa = XCConfigurationList;
			buildConfigurations = (
				DA78DE7320EE8FE8005CC2A0 /* Debug */,
				DA78DE7420EE8FE8005CC2A0 /* Release */,
			);
			defaultConfigurationIsVisible = 0;
			defaultConfigurationName = Release;
		};
		DA78DE7520EE8FE8005CC2A0 /* Build configuration list for PBXNativeTarget "FastCaicoTests" */ = {
			isa = XCConfigurationList;
			buildConfigurations = (
				DA78DE7620EE8FE8005CC2A0 /* Debug */,
				DA78DE7720EE8FE8005CC2A0 /* Release */,
			);
			defaultConfigurationIsVisible = 0;
			defaultConfigurationName = Release;
		};
		DA78DE7820EE8FE8005CC2A0 /* Build configuration list for PBXNativeTarget "FastCaicoUITests" */ = {
			isa = XCConfigurationList;
			buildConfigurations = (
				DA78DE7920EE8FE8005CC2A0 /* Debug */,
				DA78DE7A20EE8FE8005CC2A0 /* Release */,
			);
			defaultConfigurationIsVisible = 0;
			defaultConfigurationName = Release;
		};
		DA7E6B2820F790B0002BD535 /* Build configuration list for PBXNativeTarget "FastCaicoIntentExtensionUI" */ = {
			isa = XCConfigurationList;
			buildConfigurations = (
				DA7E6B2920F790B0002BD535 /* Debug */,
				DA7E6B2A20F790B0002BD535 /* Release */,
			);
			defaultConfigurationIsVisible = 0;
			defaultConfigurationName = Release;
		};
		DA7E6B2B20F790B0002BD535 /* Build configuration list for PBXNativeTarget "FastCaicoIntentExtension" */ = {
			isa = XCConfigurationList;
			buildConfigurations = (
				DA7E6B2C20F790B0002BD535 /* Debug */,
				DA7E6B2D20F790B0002BD535 /* Release */,
			);
			defaultConfigurationIsVisible = 0;
			defaultConfigurationName = Release;
		};
/* End XCConfigurationList section */

/* Begin XCVersionGroup section */
		DA78DE5120EE8FE6005CC2A0 /* FastCaico.xcdatamodeld */ = {
			isa = XCVersionGroup;
			children = (
				DA78DE5220EE8FE6005CC2A0 /* FastCaico.xcdatamodel */,
			);
			currentVersion = DA78DE5220EE8FE6005CC2A0 /* FastCaico.xcdatamodel */;
			path = FastCaico.xcdatamodeld;
			sourceTree = "<group>";
			versionGroupType = wrapper.xcdatamodel;
		};
/* End XCVersionGroup section */
	};
	rootObject = DA78DE3F20EE8FE6005CC2A0 /* Project object */;
}
